// !$*UTF8*$!
{
	archiveVersion = 1;
	classes = {
	};
	objectVersion = 46;
	objects = {

/* Begin PBXBuildFile section */
		8C205E831B3B65E0002CA95F /* AppDelegate.swift in Sources */ = {isa = PBXBuildFile; fileRef = 8C205E821B3B65E0002CA95F /* AppDelegate.swift */; };
		8C205E851B3B65E0002CA95F /* ViewController.swift in Sources */ = {isa = PBXBuildFile; fileRef = 8C205E841B3B65E0002CA95F /* ViewController.swift */; };
		8C205E881B3B65E0002CA95F /* Main.storyboard in Resources */ = {isa = PBXBuildFile; fileRef = 8C205E861B3B65E0002CA95F /* Main.storyboard */; };
		8C205E8A1B3B65E0002CA95F /* Assets.xcassets in Resources */ = {isa = PBXBuildFile; fileRef = 8C205E891B3B65E0002CA95F /* Assets.xcassets */; };
		8C205E8D1B3B65E0002CA95F /* LaunchScreen.storyboard in Resources */ = {isa = PBXBuildFile; fileRef = 8C205E8B1B3B65E0002CA95F /* LaunchScreen.storyboard */; };
		8C205E981B3B65E0002CA95F /* Indy_Fund_FestTests.swift in Sources */ = {isa = PBXBuildFile; fileRef = 8C205E971B3B65E0002CA95F /* Indy_Fund_FestTests.swift */; };
		8C205EA31B3B65E0002CA95F /* Indy_Fund_FestUITests.swift in Sources */ = {isa = PBXBuildFile; fileRef = 8C205EA21B3B65E0002CA95F /* Indy_Fund_FestUITests.swift */; };
/* End PBXBuildFile section */

/* Begin PBXContainerItemProxy section */
		8C205E941B3B65E0002CA95F /* PBXContainerItemProxy */ = {
			isa = PBXContainerItemProxy;
			containerPortal = 8C205E771B3B65E0002CA95F /* Project object */;
			proxyType = 1;
			remoteGlobalIDString = 8C205E7E1B3B65E0002CA95F;
			remoteInfo = "Indy Fund Fest";
		};
		8C205E9F1B3B65E0002CA95F /* PBXContainerItemProxy */ = {
			isa = PBXContainerItemProxy;
			containerPortal = 8C205E771B3B65E0002CA95F /* Project object */;
			proxyType = 1;
			remoteGlobalIDString = 8C205E7E1B3B65E0002CA95F;
			remoteInfo = "Indy Fund Fest";
		};
/* End PBXContainerItemProxy section */

/* Begin PBXFileReference section */
		8C205E7F1B3B65E0002CA95F /* Indy Fund Fest.app */ = {isa = PBXFileReference; explicitFileType = wrapper.application; includeInIndex = 0; path = "Indy Fund Fest.app"; sourceTree = BUILT_PRODUCTS_DIR; };
		8C205E821B3B65E0002CA95F /* AppDelegate.swift */ = {isa = PBXFileReference; lastKnownFileType = sourcecode.swift; path = AppDelegate.swift; sourceTree = "<group>"; };
		8C205E841B3B65E0002CA95F /* ViewController.swift */ = {isa = PBXFileReference; lastKnownFileType = sourcecode.swift; path = ViewController.swift; sourceTree = "<group>"; };
		8C205E871B3B65E0002CA95F /* Base */ = {isa = PBXFileReference; lastKnownFileType = file.storyboard; name = Base; path = Base.lproj/Main.storyboard; sourceTree = "<group>"; };
		8C205E891B3B65E0002CA95F /* Assets.xcassets */ = {isa = PBXFileReference; lastKnownFileType = folder.assetcatalog; path = Assets.xcassets; sourceTree = "<group>"; };
		8C205E8C1B3B65E0002CA95F /* Base */ = {isa = PBXFileReference; lastKnownFileType = file.storyboard; name = Base; path = Base.lproj/LaunchScreen.storyboard; sourceTree = "<group>"; };
		8C205E8E1B3B65E0002CA95F /* Info.plist */ = {isa = PBXFileReference; lastKnownFileType = text.plist.xml; path = Info.plist; sourceTree = "<group>"; };
		8C205E931B3B65E0002CA95F /* Indy Fund FestTests.xctest */ = {isa = PBXFileReference; explicitFileType = wrapper.cfbundle; includeInIndex = 0; path = "Indy Fund FestTests.xctest"; sourceTree = BUILT_PRODUCTS_DIR; };
		8C205E971B3B65E0002CA95F /* Indy_Fund_FestTests.swift */ = {isa = PBXFileReference; lastKnownFileType = sourcecode.swift; path = Indy_Fund_FestTests.swift; sourceTree = "<group>"; };
		8C205E991B3B65E0002CA95F /* Info.plist */ = {isa = PBXFileReference; lastKnownFileType = text.plist.xml; path = Info.plist; sourceTree = "<group>"; };
		8C205E9E1B3B65E0002CA95F /* Indy Fund FestUITests.xctest */ = {isa = PBXFileReference; explicitFileType = wrapper.cfbundle; includeInIndex = 0; path = "Indy Fund FestUITests.xctest"; sourceTree = BUILT_PRODUCTS_DIR; };
		8C205EA21B3B65E0002CA95F /* Indy_Fund_FestUITests.swift */ = {isa = PBXFileReference; lastKnownFileType = sourcecode.swift; path = Indy_Fund_FestUITests.swift; sourceTree = "<group>"; };
		8C205EA41B3B65E0002CA95F /* Info.plist */ = {isa = PBXFileReference; lastKnownFileType = text.plist.xml; path = Info.plist; sourceTree = "<group>"; };
/* End PBXFileReference section */

/* Begin PBXFrameworksBuildPhase section */
		8C205E7C1B3B65E0002CA95F /* Frameworks */ = {
			isa = PBXFrameworksBuildPhase;
			buildActionMask = 2147483647;
			files = (
			);
			runOnlyForDeploymentPostprocessing = 0;
		};
		8C205E901B3B65E0002CA95F /* Frameworks */ = {
			isa = PBXFrameworksBuildPhase;
			buildActionMask = 2147483647;
			files = (
			);
			runOnlyForDeploymentPostprocessing = 0;
		};
		8C205E9B1B3B65E0002CA95F /* Frameworks */ = {
			isa = PBXFrameworksBuildPhase;
			buildActionMask = 2147483647;
			files = (
			);
			runOnlyForDeploymentPostprocessing = 0;
		};
/* End PBXFrameworksBuildPhase section */

/* Begin PBXGroup section */
		8C205E761B3B65E0002CA95F = {
			isa = PBXGroup;
			children = (
				8C205E811B3B65E0002CA95F /* Indy Fund Fest */,
				8C205E961B3B65E0002CA95F /* Indy Fund FestTests */,
				8C205EA11B3B65E0002CA95F /* Indy Fund FestUITests */,
				8C205E801B3B65E0002CA95F /* Products */,
			);
			sourceTree = "<group>";
		};
		8C205E801B3B65E0002CA95F /* Products */ = {
			isa = PBXGroup;
			children = (
				8C205E7F1B3B65E0002CA95F /* Indy Fund Fest.app */,
				8C205E931B3B65E0002CA95F /* Indy Fund FestTests.xctest */,
				8C205E9E1B3B65E0002CA95F /* Indy Fund FestUITests.xctest */,
			);
			name = Products;
			sourceTree = "<group>";
		};
		8C205E811B3B65E0002CA95F /* Indy Fund Fest */ = {
			isa = PBXGroup;
			children = (
				8C205E821B3B65E0002CA95F /* AppDelegate.swift */,
				8C205E841B3B65E0002CA95F /* ViewController.swift */,
				8C205E861B3B65E0002CA95F /* Main.storyboard */,
				8C205E891B3B65E0002CA95F /* Assets.xcassets */,
				8C205E8B1B3B65E0002CA95F /* LaunchScreen.storyboard */,
				8C205E8E1B3B65E0002CA95F /* Info.plist */,
			);
			path = "Indy Fund Fest";
			sourceTree = "<group>";
		};
		8C205E961B3B65E0002CA95F /* Indy Fund FestTests */ = {
			isa = PBXGroup;
			children = (
				8C205E971B3B65E0002CA95F /* Indy_Fund_FestTests.swift */,
				8C205E991B3B65E0002CA95F /* Info.plist */,
			);
			path = "Indy Fund FestTests";
			sourceTree = "<group>";
		};
		8C205EA11B3B65E0002CA95F /* Indy Fund FestUITests */ = {
			isa = PBXGroup;
			children = (
				8C205EA21B3B65E0002CA95F /* Indy_Fund_FestUITests.swift */,
				8C205EA41B3B65E0002CA95F /* Info.plist */,
			);
			path = "Indy Fund FestUITests";
			sourceTree = "<group>";
		};
/* End PBXGroup section */

/* Begin PBXNativeTarget section */
		8C205E7E1B3B65E0002CA95F /* Indy Fund Fest */ = {
			isa = PBXNativeTarget;
			buildConfigurationList = 8C205EA71B3B65E0002CA95F /* Build configuration list for PBXNativeTarget "Indy Fund Fest" */;
			buildPhases = (
				8C205E7B1B3B65E0002CA95F /* Sources */,
				8C205E7C1B3B65E0002CA95F /* Frameworks */,
				8C205E7D1B3B65E0002CA95F /* Resources */,
			);
			buildRules = (
			);
			dependencies = (
			);
			name = "Indy Fund Fest";
			productName = "Indy Fund Fest";
			productReference = 8C205E7F1B3B65E0002CA95F /* Indy Fund Fest.app */;
			productType = "com.apple.product-type.application";
		};
		8C205E921B3B65E0002CA95F /* Indy Fund FestTests */ = {
			isa = PBXNativeTarget;
			buildConfigurationList = 8C205EAA1B3B65E0002CA95F /* Build configuration list for PBXNativeTarget "Indy Fund FestTests" */;
			buildPhases = (
				8C205E8F1B3B65E0002CA95F /* Sources */,
				8C205E901B3B65E0002CA95F /* Frameworks */,
				8C205E911B3B65E0002CA95F /* Resources */,
			);
			buildRules = (
			);
			dependencies = (
				8C205E951B3B65E0002CA95F /* PBXTargetDependency */,
			);
			name = "Indy Fund FestTests";
			productName = "Indy Fund FestTests";
			productReference = 8C205E931B3B65E0002CA95F /* Indy Fund FestTests.xctest */;
			productType = "com.apple.product-type.bundle.unit-test";
		};
		8C205E9D1B3B65E0002CA95F /* Indy Fund FestUITests */ = {
			isa = PBXNativeTarget;
			buildConfigurationList = 8C205EAD1B3B65E0002CA95F /* Build configuration list for PBXNativeTarget "Indy Fund FestUITests" */;
			buildPhases = (
				8C205E9A1B3B65E0002CA95F /* Sources */,
				8C205E9B1B3B65E0002CA95F /* Frameworks */,
				8C205E9C1B3B65E0002CA95F /* Resources */,
			);
			buildRules = (
			);
			dependencies = (
				8C205EA01B3B65E0002CA95F /* PBXTargetDependency */,
			);
			name = "Indy Fund FestUITests";
			productName = "Indy Fund FestUITests";
			productReference = 8C205E9E1B3B65E0002CA95F /* Indy Fund FestUITests.xctest */;
			productType = "com.apple.product-type.bundle.ui-testing";
		};
/* End PBXNativeTarget section */

/* Begin PBXProject section */
		8C205E771B3B65E0002CA95F /* Project object */ = {
			isa = PBXProject;
			attributes = {
				LastUpgradeCheck = 0700;
				ORGANIZATIONNAME = "Indy Fund Fest";
				TargetAttributes = {
					8C205E7E1B3B65E0002CA95F = {
						CreatedOnToolsVersion = 7.0;
						DevelopmentTeam = 288D9G4Y68;
					};
					8C205E921B3B65E0002CA95F = {
						CreatedOnToolsVersion = 7.0;
						TestTargetID = 8C205E7E1B3B65E0002CA95F;
					};
					8C205E9D1B3B65E0002CA95F = {
						CreatedOnToolsVersion = 7.0;
						TestTargetID = 8C205E7E1B3B65E0002CA95F;
					};
				};
			};
			buildConfigurationList = 8C205E7A1B3B65E0002CA95F /* Build configuration list for PBXProject "Indy Fund Fest" */;
			compatibilityVersion = "Xcode 3.2";
			developmentRegion = English;
			hasScannedForEncodings = 0;
			knownRegions = (
				en,
				Base,
			);
			mainGroup = 8C205E761B3B65E0002CA95F;
			productRefGroup = 8C205E801B3B65E0002CA95F /* Products */;
			projectDirPath = "";
			projectRoot = "";
			targets = (
				8C205E7E1B3B65E0002CA95F /* Indy Fund Fest */,
				8C205E921B3B65E0002CA95F /* Indy Fund FestTests */,
				8C205E9D1B3B65E0002CA95F /* Indy Fund FestUITests */,
			);
		};
/* End PBXProject section */

/* Begin PBXResourcesBuildPhase section */
		8C205E7D1B3B65E0002CA95F /* Resources */ = {
			isa = PBXResourcesBuildPhase;
			buildActionMask = 2147483647;
			files = (
				8C205E8D1B3B65E0002CA95F /* LaunchScreen.storyboard in Resources */,
				8C205E8A1B3B65E0002CA95F /* Assets.xcassets in Resources */,
				8C205E881B3B65E0002CA95F /* Main.storyboard in Resources */,
			);
			runOnlyForDeploymentPostprocessing = 0;
		};
		8C205E911B3B65E0002CA95F /* Resources */ = {
			isa = PBXResourcesBuildPhase;
			buildActionMask = 2147483647;
			files = (
			);
			runOnlyForDeploymentPostprocessing = 0;
		};
		8C205E9C1B3B65E0002CA95F /* Resources */ = {
			isa = PBXResourcesBuildPhase;
			buildActionMask = 2147483647;
			files = (
			);
			runOnlyForDeploymentPostprocessing = 0;
		};
/* End PBXResourcesBuildPhase section */

/* Begin PBXSourcesBuildPhase section */
		8C205E7B1B3B65E0002CA95F /* Sources */ = {
			isa = PBXSourcesBuildPhase;
			buildActionMask = 2147483647;
			files = (
				8C205E851B3B65E0002CA95F /* ViewController.swift in Sources */,
				8C205E831B3B65E0002CA95F /* AppDelegate.swift in Sources */,
			);
			runOnlyForDeploymentPostprocessing = 0;
		};
		8C205E8F1B3B65E0002CA95F /* Sources */ = {
			isa = PBXSourcesBuildPhase;
			buildActionMask = 2147483647;
			files = (
				8C205E981B3B65E0002CA95F /* Indy_Fund_FestTests.swift in Sources */,
			);
			runOnlyForDeploymentPostprocessing = 0;
		};
		8C205E9A1B3B65E0002CA95F /* Sources */ = {
			isa = PBXSourcesBuildPhase;
			buildActionMask = 2147483647;
			files = (
				8C205EA31B3B65E0002CA95F /* Indy_Fund_FestUITests.swift in Sources */,
			);
			runOnlyForDeploymentPostprocessing = 0;
		};
/* End PBXSourcesBuildPhase section */

/* Begin PBXTargetDependency section */
		8C205E951B3B65E0002CA95F /* PBXTargetDependency */ = {
			isa = PBXTargetDependency;
			target = 8C205E7E1B3B65E0002CA95F /* Indy Fund Fest */;
			targetProxy = 8C205E941B3B65E0002CA95F /* PBXContainerItemProxy */;
		};
		8C205EA01B3B65E0002CA95F /* PBXTargetDependency */ = {
			isa = PBXTargetDependency;
			target = 8C205E7E1B3B65E0002CA95F /* Indy Fund Fest */;
			targetProxy = 8C205E9F1B3B65E0002CA95F /* PBXContainerItemProxy */;
		};
/* End PBXTargetDependency section */

/* Begin PBXVariantGroup section */
		8C205E861B3B65E0002CA95F /* Main.storyboard */ = {
			isa = PBXVariantGroup;
			children = (
				8C205E871B3B65E0002CA95F /* Base */,
			);
			name = Main.storyboard;
			sourceTree = "<group>";
		};
		8C205E8B1B3B65E0002CA95F /* LaunchScreen.storyboard */ = {
			isa = PBXVariantGroup;
			children = (
				8C205E8C1B3B65E0002CA95F /* Base */,
			);
			name = LaunchScreen.storyboard;
			sourceTree = "<group>";
		};
/* End PBXVariantGroup section */

/* Begin XCBuildConfiguration section */
		8C205EA51B3B65E0002CA95F /* Debug */ = {
			isa = XCBuildConfiguration;
			buildSettings = {
				ALWAYS_SEARCH_USER_PATHS = NO;
				CLANG_CXX_LANGUAGE_STANDARD = "gnu++0x";
				CLANG_CXX_LIBRARY = "libc++";
				CLANG_ENABLE_MODULES = YES;
				CLANG_ENABLE_OBJC_ARC = YES;
				CLANG_WARN_BOOL_CONVERSION = YES;
				CLANG_WARN_CONSTANT_CONVERSION = YES;
				CLANG_WARN_DIRECT_OBJC_ISA_USAGE = YES_ERROR;
				CLANG_WARN_EMPTY_BODY = YES;
				CLANG_WARN_ENUM_CONVERSION = YES;
				CLANG_WARN_INT_CONVERSION = YES;
				CLANG_WARN_OBJC_ROOT_CLASS = YES_ERROR;
				CLANG_WARN_UNREACHABLE_CODE = YES;
				CLANG_WARN__DUPLICATE_METHOD_MATCH = YES;
				"CODE_SIGN_IDENTITY[sdk=iphoneos*]" = "iPhone Developer";
				COPY_PHASE_STRIP = NO;
				DEBUG_INFORMATION_FORMAT = dwarf;
				ENABLE_STRICT_OBJC_MSGSEND = YES;
				ENABLE_TESTABILITY = YES;
				GCC_C_LANGUAGE_STANDARD = gnu99;
				GCC_DYNAMIC_NO_PIC = NO;
				GCC_NO_COMMON_BLOCKS = YES;
				GCC_OPTIMIZATION_LEVEL = 0;
				GCC_PREPROCESSOR_DEFINITIONS = (
					"DEBUG=1",
					"$(inherited)",
				);
				GCC_WARN_64_TO_32_BIT_CONVERSION = YES;
				GCC_WARN_ABOUT_RETURN_TYPE = YES_ERROR;
				GCC_WARN_UNDECLARED_SELECTOR = YES;
				GCC_WARN_UNINITIALIZED_AUTOS = YES_AGGRESSIVE;
				GCC_WARN_UNUSED_FUNCTION = YES;
				GCC_WARN_UNUSED_VARIABLE = YES;
				IPHONEOS_DEPLOYMENT_TARGET = 9.0;
				MTL_ENABLE_DEBUG_INFO = YES;
				ONLY_ACTIVE_ARCH = YES;
				SDKROOT = iphoneos;
				SWIFT_OPTIMIZATION_LEVEL = "-Onone";
				TARGETED_DEVICE_FAMILY = "1,2";
			};
			name = Debug;
		};
		8C205EA61B3B65E0002CA95F /* Release */ = {
			isa = XCBuildConfiguration;
			buildSettings = {
				ALWAYS_SEARCH_USER_PATHS = NO;
				CLANG_CXX_LANGUAGE_STANDARD = "gnu++0x";
				CLANG_CXX_LIBRARY = "libc++";
				CLANG_ENABLE_MODULES = YES;
				CLANG_ENABLE_OBJC_ARC = YES;
				CLANG_WARN_BOOL_CONVERSION = YES;
				CLANG_WARN_CONSTANT_CONVERSION = YES;
				CLANG_WARN_DIRECT_OBJC_ISA_USAGE = YES_ERROR;
				CLANG_WARN_EMPTY_BODY = YES;
				CLANG_WARN_ENUM_CONVERSION = YES;
				CLANG_WARN_INT_CONVERSION = YES;
				CLANG_WARN_OBJC_ROOT_CLASS = YES_ERROR;
				CLANG_WARN_UNREACHABLE_CODE = YES;
				CLANG_WARN__DUPLICATE_METHOD_MATCH = YES;
				"CODE_SIGN_IDENTITY[sdk=iphoneos*]" = "iPhone Developer";
				COPY_PHASE_STRIP = NO;
				DEBUG_INFORMATION_FORMAT = "dwarf-with-dsym";
				ENABLE_NS_ASSERTIONS = NO;
				ENABLE_STRICT_OBJC_MSGSEND = YES;
				GCC_C_LANGUAGE_STANDARD = gnu99;
				GCC_NO_COMMON_BLOCKS = YES;
				GCC_WARN_64_TO_32_BIT_CONVERSION = YES;
				GCC_WARN_ABOUT_RETURN_TYPE = YES_ERROR;
				GCC_WARN_UNDECLARED_SELECTOR = YES;
				GCC_WARN_UNINITIALIZED_AUTOS = YES_AGGRESSIVE;
				GCC_WARN_UNUSED_FUNCTION = YES;
				GCC_WARN_UNUSED_VARIABLE = YES;
				IPHONEOS_DEPLOYMENT_TARGET = 9.0;
				MTL_ENABLE_DEBUG_INFO = NO;
				SDKROOT = iphoneos;
				TARGETED_DEVICE_FAMILY = "1,2";
				VALIDATE_PRODUCT = YES;
			};
			name = Release;
		};
		8C205EA81B3B65E0002CA95F /* Debug */ = {
			isa = XCBuildConfiguration;
			buildSettings = {
				ASSETCATALOG_COMPILER_APPICON_NAME = AppIcon;
				CODE_SIGN_IDENTITY = "iPhone Developer";
				INFOPLIST_FILE = "Indy Fund Fest/Info.plist";
				LD_RUNPATH_SEARCH_PATHS = "$(inherited) @executable_path/Frameworks";
				PRODUCT_BUNDLE_IDENTIFIER = "com.IndyFundFest.Indy-Fund-Fest";
				PRODUCT_NAME = "$(TARGET_NAME)";
				TARGETED_DEVICE_FAMILY = "1,2";
			};
			name = Debug;
		};
		8C205EA91B3B65E0002CA95F /* Release */ = {
			isa = XCBuildConfiguration;
			buildSettings = {
				ASSETCATALOG_COMPILER_APPICON_NAME = AppIcon;
				CODE_SIGN_IDENTITY = "iPhone Developer";
				INFOPLIST_FILE = "Indy Fund Fest/Info.plist";
				LD_RUNPATH_SEARCH_PATHS = "$(inherited) @executable_path/Frameworks";
				PRODUCT_BUNDLE_IDENTIFIER = "com.IndyFundFest.Indy-Fund-Fest";
				PRODUCT_NAME = "$(TARGET_NAME)";
				TARGETED_DEVICE_FAMILY = "1,2";
			};
			name = Release;
		};
		8C205EAB1B3B65E0002CA95F /* Debug */ = {
			isa = XCBuildConfiguration;
			buildSettings = {
				BUNDLE_LOADER = "$(TEST_HOST)";
				INFOPLIST_FILE = "Indy Fund FestTests/Info.plist";
				LD_RUNPATH_SEARCH_PATHS = "$(inherited) @executable_path/Frameworks @loader_path/Frameworks";
				PRODUCT_BUNDLE_IDENTIFIER = "com.IndyFundFest.Indy-Fund-FestTests";
				PRODUCT_NAME = "$(TARGET_NAME)";
				TEST_HOST = "$(BUILT_PRODUCTS_DIR)/Indy Fund Fest.app/Indy Fund Fest";
			};
			name = Debug;
		};
		8C205EAC1B3B65E0002CA95F /* Release */ = {
			isa = XCBuildConfiguration;
			buildSettings = {
				BUNDLE_LOADER = "$(TEST_HOST)";
				INFOPLIST_FILE = "Indy Fund FestTests/Info.plist";
				LD_RUNPATH_SEARCH_PATHS = "$(inherited) @executable_path/Frameworks @loader_path/Frameworks";
				PRODUCT_BUNDLE_IDENTIFIER = "com.IndyFundFest.Indy-Fund-FestTests";
				PRODUCT_NAME = "$(TARGET_NAME)";
				TEST_HOST = "$(BUILT_PRODUCTS_DIR)/Indy Fund Fest.app/Indy Fund Fest";
			};
			name = Release;
		};
		8C205EAE1B3B65E0002CA95F /* Debug */ = {
			isa = XCBuildConfiguration;
			buildSettings = {
				INFOPLIST_FILE = "Indy Fund FestUITests/Info.plist";
				LD_RUNPATH_SEARCH_PATHS = "$(inherited) @executable_path/Frameworks @loader_path/Frameworks";
				PRODUCT_BUNDLE_IDENTIFIER = "com.IndyFundFest.Indy-Fund-FestUITests";
				PRODUCT_NAME = "$(TARGET_NAME)";
				TEST_TARGET_NAME = "Indy Fund Fest";
				USES_XCTRUNNER = YES;
			};
			name = Debug;
		};
		8C205EAF1B3B65E0002CA95F /* Release */ = {
			isa = XCBuildConfiguration;
			buildSettings = {
				INFOPLIST_FILE = "Indy Fund FestUITests/Info.plist";
				LD_RUNPATH_SEARCH_PATHS = "$(inherited) @executable_path/Frameworks @loader_path/Frameworks";
				PRODUCT_BUNDLE_IDENTIFIER = "com.IndyFundFest.Indy-Fund-FestUITests";
				PRODUCT_NAME = "$(TARGET_NAME)";
				TEST_TARGET_NAME = "Indy Fund Fest";
				USES_XCTRUNNER = YES;
			};
			name = Release;
		};
/* End XCBuildConfiguration section */

/* Begin XCConfigurationList section */
		8C205E7A1B3B65E0002CA95F /* Build configuration list for PBXProject "Indy Fund Fest" */ = {
			isa = XCConfigurationList;
			buildConfigurations = (
				8C205EA51B3B65E0002CA95F /* Debug */,
				8C205EA61B3B65E0002CA95F /* Release */,
			);
			defaultConfigurationIsVisible = 0;
			defaultConfigurationName = Release;
		};
		8C205EA71B3B65E0002CA95F /* Build configuration list for PBXNativeTarget "Indy Fund Fest" */ = {
			isa = XCConfigurationList;
			buildConfigurations = (
				8C205EA81B3B65E0002CA95F /* Debug */,
				8C205EA91B3B65E0002CA95F /* Release */,
			);
			defaultConfigurationIsVisible = 0;
		};
		8C205EAA1B3B65E0002CA95F /* Build configuration list for PBXNativeTarget "Indy Fund FestTests" */ = {
			isa = XCConfigurationList;
			buildConfigurations = (
				8C205EAB1B3B65E0002CA95F /* Debug */,
				8C205EAC1B3B65E0002CA95F /* Release */,
			);
			defaultConfigurationIsVisible = 0;
		};
		8C205EAD1B3B65E0002CA95F /* Build configuration list for PBXNativeTarget "Indy Fund FestUITests" */ = {
			isa = XCConfigurationList;
			buildConfigurations = (
				8C205EAE1B3B65E0002CA95F /* Debug */,
				8C205EAF1B3B65E0002CA95F /* Release */,
			);
			defaultConfigurationIsVisible = 0;
		};
/* End XCConfigurationList section */
	};
	rootObject = 8C205E771B3B65E0002CA95F /* Project object */;
}
